
Microsoft Visual Studio Solution File, Format Version 12.00
# Visual Studio 15
VisualStudioVersion = 15.0.26403.0
MinimumVisualStudioVersion = 10.0.40219.1
Project("{FAE04EC0-301F-11D3-BF4B-00C04F79EFBC}") = "stashbox.mocking.moq", "stashbox.mocking.moq\stashbox.mocking.moq.csproj", "{E400BA4B-0DA1-4EF8-BCFF-50D4BA54B5F0}"
EndProject
Project("{FAE04EC0-301F-11D3-BF4B-00C04F79EFBC}") = "stashbox.mocking.fakeiteasy", "stashbox.mocking.fakeiteasy\stashbox.mocking.fakeiteasy.csproj", "{66D13652-719E-435A-8607-A4E01A6757A6}"
EndProject
Project("{FAE04EC0-301F-11D3-BF4B-00C04F79EFBC}") = "stashbox.mocking.fakeiteasy.tests", "stashbox.mocking.fakeiteasy.tests\stashbox.mocking.fakeiteasy.tests.csproj", "{3A355404-27F2-4D48-A55E-3088FB7FD800}"
EndProject
Project("{9A19103F-16F7-4668-BE54-9A1E7A4F7556}") = "stashbox.mocking.moq.tests", "stashbox.mocking.moq.tests\stashbox.mocking.moq.tests.csproj", "{8EF5EFA4-ACEF-4DDA-A5B4-DBA761438876}"
EndProject
Project("{FAE04EC0-301F-11D3-BF4B-00C04F79EFBC}") = "stashbox.mocking.rhino.mocks", "stashbox.mocking.rhino.mocks\stashbox.mocking.rhino.mocks.csproj", "{ABA9AB67-62E9-44E2-A2A5-E7C4B2D9CCF8}"
EndProject
Project("{FAE04EC0-301F-11D3-BF4B-00C04F79EFBC}") = "stashbox.mocking.rhino.mocks.tests", "stashbox.mocking.rhino.mocks.tests\stashbox.mocking.rhino.mocks.tests.csproj", "{A1838F9F-1C7B-4F11-835B-FC332B30E56A}"
EndProject
Project("{FAE04EC0-301F-11D3-BF4B-00C04F79EFBC}") = "stashbox.mocking.nsubstitute", "stashbox.mocking.nsubstitute\stashbox.mocking.nsubstitute.csproj", "{4D93BC90-A7A2-4C78-B7CF-5C310F2DE6D1}"
EndProject
Project("{FAE04EC0-301F-11D3-BF4B-00C04F79EFBC}") = "stashbox.mocking.nsubstitute.tests", "stashbox.mocking.nsubstitute.tests\stashbox.mocking.nsubstitute.tests.csproj", "{B2DB0B4C-75F1-4F4E-9677-E5197C2A2988}"
EndProject
Project("{FAE04EC0-301F-11D3-BF4B-00C04F79EFBC}") = "stashbox.mocking.rocks", "stashbox.mocking.rocks\stashbox.mocking.rocks.csproj", "{895BAE2C-A1F5-4915-B798-B993A06A180A}"
EndProject
Project("{FAE04EC0-301F-11D3-BF4B-00C04F79EFBC}") = "stashbox.mocking.rocks.tests", "stashbox.mocking.rocks.tests\stashbox.mocking.rocks.tests.csproj", "{B5C52892-AFA2-4D1E-A235-94FA611D959E}"
EndProject
Global
	GlobalSection(SolutionConfigurationPlatforms) = preSolution
		Debug|Any CPU = Debug|Any CPU
		Release|Any CPU = Release|Any CPU
	EndGlobalSection
	GlobalSection(ProjectConfigurationPlatforms) = postSolution
		{E400BA4B-0DA1-4EF8-BCFF-50D4BA54B5F0}.Debug|Any CPU.ActiveCfg = Debug|Any CPU
		{E400BA4B-0DA1-4EF8-BCFF-50D4BA54B5F0}.Debug|Any CPU.Build.0 = Debug|Any CPU
		{E400BA4B-0DA1-4EF8-BCFF-50D4BA54B5F0}.Release|Any CPU.ActiveCfg = Release|Any CPU
		{E400BA4B-0DA1-4EF8-BCFF-50D4BA54B5F0}.Release|Any CPU.Build.0 = Release|Any CPU
		{66D13652-719E-435A-8607-A4E01A6757A6}.Debug|Any CPU.ActiveCfg = Debug|Any CPU
		{66D13652-719E-435A-8607-A4E01A6757A6}.Debug|Any CPU.Build.0 = Debug|Any CPU
		{66D13652-719E-435A-8607-A4E01A6757A6}.Release|Any CPU.ActiveCfg = Release|Any CPU
		{66D13652-719E-435A-8607-A4E01A6757A6}.Release|Any CPU.Build.0 = Release|Any CPU
		{3A355404-27F2-4D48-A55E-3088FB7FD800}.Debug|Any CPU.ActiveCfg = Debug|Any CPU
		{3A355404-27F2-4D48-A55E-3088FB7FD800}.Debug|Any CPU.Build.0 = Debug|Any CPU
		{3A355404-27F2-4D48-A55E-3088FB7FD800}.Release|Any CPU.ActiveCfg = Release|Any CPU
		{3A355404-27F2-4D48-A55E-3088FB7FD800}.Release|Any CPU.Build.0 = Release|Any CPU
		{8EF5EFA4-ACEF-4DDA-A5B4-DBA761438876}.Debug|Any CPU.ActiveCfg = Debug|Any CPU
		{8EF5EFA4-ACEF-4DDA-A5B4-DBA761438876}.Debug|Any CPU.Build.0 = Debug|Any CPU
		{8EF5EFA4-ACEF-4DDA-A5B4-DBA761438876}.Release|Any CPU.ActiveCfg = Release|Any CPU
		{8EF5EFA4-ACEF-4DDA-A5B4-DBA761438876}.Release|Any CPU.Build.0 = Release|Any CPU
		{ABA9AB67-62E9-44E2-A2A5-E7C4B2D9CCF8}.Debug|Any CPU.ActiveCfg = Debug|Any CPU
		{ABA9AB67-62E9-44E2-A2A5-E7C4B2D9CCF8}.Debug|Any CPU.Build.0 = Debug|Any CPU
		{ABA9AB67-62E9-44E2-A2A5-E7C4B2D9CCF8}.Release|Any CPU.ActiveCfg = Release|Any CPU
		{ABA9AB67-62E9-44E2-A2A5-E7C4B2D9CCF8}.Release|Any CPU.Build.0 = Release|Any CPU
		{A1838F9F-1C7B-4F11-835B-FC332B30E56A}.Debug|Any CPU.ActiveCfg = Debug|Any CPU
		{A1838F9F-1C7B-4F11-835B-FC332B30E56A}.Debug|Any CPU.Build.0 = Debug|Any CPU
		{A1838F9F-1C7B-4F11-835B-FC332B30E56A}.Release|Any CPU.ActiveCfg = Release|Any CPU
		{A1838F9F-1C7B-4F11-835B-FC332B30E56A}.Release|Any CPU.Build.0 = Release|Any CPU
		{4D93BC90-A7A2-4C78-B7CF-5C310F2DE6D1}.Debug|Any CPU.ActiveCfg = Debug|Any CPU
		{4D93BC90-A7A2-4C78-B7CF-5C310F2DE6D1}.Debug|Any CPU.Build.0 = Debug|Any CPU
		{4D93BC90-A7A2-4C78-B7CF-5C310F2DE6D1}.Release|Any CPU.ActiveCfg = Release|Any CPU
		{4D93BC90-A7A2-4C78-B7CF-5C310F2DE6D1}.Release|Any CPU.Build.0 = Release|Any CPU
		{B2DB0B4C-75F1-4F4E-9677-E5197C2A2988}.Debug|Any CPU.ActiveCfg = Debug|Any CPU
		{B2DB0B4C-75F1-4F4E-9677-E5197C2A2988}.Debug|Any CPU.Build.0 = Debug|Any CPU
		{B2DB0B4C-75F1-4F4E-9677-E5197C2A2988}.Release|Any CPU.ActiveCfg = Release|Any CPU
		{B2DB0B4C-75F1-4F4E-9677-E5197C2A2988}.Release|Any CPU.Build.0 = Release|Any CPU
		{895BAE2C-A1F5-4915-B798-B993A06A180A}.Debug|Any CPU.ActiveCfg = Debug|Any CPU
		{895BAE2C-A1F5-4915-B798-B993A06A180A}.Debug|Any CPU.Build.0 = Debug|Any CPU
		{895BAE2C-A1F5-4915-B798-B993A06A180A}.Release|Any CPU.ActiveCfg = Release|Any CPU
		{895BAE2C-A1F5-4915-B798-B993A06A180A}.Release|Any CPU.Build.0 = Release|Any CPU
		{B5C52892-AFA2-4D1E-A235-94FA611D959E}.Debug|Any CPU.ActiveCfg = Debug|Any CPU
		{B5C52892-AFA2-4D1E-A235-94FA611D959E}.Debug|Any CPU.Build.0 = Debug|Any CPU
		{B5C52892-AFA2-4D1E-A235-94FA611D959E}.Release|Any CPU.ActiveCfg = Release|Any CPU
		{B5C52892-AFA2-4D1E-A235-94FA611D959E}.Release|Any CPU.Build.0 = Release|Any CPU
	EndGlobalSection
	GlobalSection(SolutionProperties) = preSolution
		HideSolutionNode = FALSE
	EndGlobalSection
EndGlobal
